
Microsoft Visual Studio Solution File, Format Version 12.00
# Visual Studio 14
VisualStudioVersion = 14.0.25420.1
MinimumVisualStudioVersion = 10.0.40219.1
Project("{FAE04EC0-301F-11D3-BF4B-00C04F79EFBC}") = "EFCodeFirst.UI", "EFCodeFirst.UI\EFCodeFirst.UI.csproj", "{FA7672C8-3E3C-42F8-8142-A7E0DEB7693B}"
EndProject
Project("{FAE04EC0-301F-11D3-BF4B-00C04F79EFBC}") = "EFCodeFirst.Model", "EFCodeFirst.Model\EFCodeFirst.Model.csproj", "{0B1973D7-9714-4174-ACFC-3E71C1866874}"
EndProject
Project("{FAE04EC0-301F-11D3-BF4B-00C04F79EFBC}") = "EFCodeFirst.DAL", "EFCodeFirst.DAL\EFCodeFirst.DAL.csproj", "{FCB01C05-6E2D-4DCB-8891-44FADEA3DE12}"
EndProject
Project("{FAE04EC0-301F-11D3-BF4B-00C04F79EFBC}") = "EFCodeFirst.BLL", "EFCodeFirst.BLL\EFCodeFirst.BLL.csproj", "{F7DACBAA-A161-497F-9AA3-4CD21190F6DD}"
EndProject
Project("{FAE04EC0-301F-11D3-BF4B-00C04F79EFBC}") = "EFCodeFirst.IDAL", "EFCodeFirst.IDAL\EFCodeFirst.IDAL.csproj", "{55C49216-A1AF-4ECA-9773-732D0169DD47}"
EndProject
Project("{FAE04EC0-301F-11D3-BF4B-00C04F79EFBC}") = "EFCodeFirst.DALFactory", "EFCodeFirst.DALFactory\EFCodeFirst.DALFactory.csproj", "{E97BA696-09A9-4377-9B01-D3F3FB10F049}"
EndProject
Project("{FAE04EC0-301F-11D3-BF4B-00C04F79EFBC}") = "EFCodeFirst.IBLL", "EFCodeFirst.IBLL\EFCodeFirst.IBLL.csproj", "{C5C0E7F5-CA75-4F53-8D59-51567EAF661B}"
EndProject
Project("{FAE04EC0-301F-11D3-BF4B-00C04F79EFBC}") = "EFCodeFirst.BLLFactory", "EFCodeFirst.BLLFactory\EFCodeFirst.BLLFactory.csproj", "{AB7CF1CF-D200-4050-A3B8-2328C5C980E0}"
EndProject
Project("{2150E333-8FDC-42A3-9474-1A3956D46DE8}") = "01UI", "01UI", "{4F8BE061-A24A-45C8-ABD6-21AD56D624AF}"
EndProject
Project("{2150E333-8FDC-42A3-9474-1A3956D46DE8}") = "02BLL", "02BLL", "{D6FE035E-7AC6-4CA1-84B1-8E708CC1999C}"
EndProject
Project("{2150E333-8FDC-42A3-9474-1A3956D46DE8}") = "03DAL", "03DAL", "{A6A0CE64-E676-45D0-BAB8-5C226CE28C99}"
EndProject
Project("{2150E333-8FDC-42A3-9474-1A3956D46DE8}") = "04Common", "04Common", "{D561E083-E990-4B08-BECD-D4EAE047F6DE}"
EndProject
Project("{FAE04EC0-301F-11D3-BF4B-00C04F79EFBC}") = "EFCodeFirst.Common", "EFCodeFirst.Common\EFCodeFirst.Common.csproj", "{8B12420A-C3C3-43B5-9586-D7C6EF8C2655}"
EndProject
Global
	GlobalSection(SolutionConfigurationPlatforms) = preSolution
		Debug|Any CPU = Debug|Any CPU
		Release|Any CPU = Release|Any CPU
	EndGlobalSection
	GlobalSection(ProjectConfigurationPlatforms) = postSolution
		{FA7672C8-3E3C-42F8-8142-A7E0DEB7693B}.Debug|Any CPU.ActiveCfg = Debug|Any CPU
		{FA7672C8-3E3C-42F8-8142-A7E0DEB7693B}.Debug|Any CPU.Build.0 = Debug|Any CPU
		{FA7672C8-3E3C-42F8-8142-A7E0DEB7693B}.Release|Any CPU.ActiveCfg = Release|Any CPU
		{FA7672C8-3E3C-42F8-8142-A7E0DEB7693B}.Release|Any CPU.Build.0 = Release|Any CPU
		{0B1973D7-9714-4174-ACFC-3E71C1866874}.Debug|Any CPU.ActiveCfg = Debug|Any CPU
		{0B1973D7-9714-4174-ACFC-3E71C1866874}.Debug|Any CPU.Build.0 = Debug|Any CPU
		{0B1973D7-9714-4174-ACFC-3E71C1866874}.Release|Any CPU.ActiveCfg = Release|Any CPU
		{0B1973D7-9714-4174-ACFC-3E71C1866874}.Release|Any CPU.Build.0 = Release|Any CPU
		{FCB01C05-6E2D-4DCB-8891-44FADEA3DE12}.Debug|Any CPU.ActiveCfg = Debug|Any CPU
		{FCB01C05-6E2D-4DCB-8891-44FADEA3DE12}.Debug|Any CPU.Build.0 = Debug|Any CPU
		{FCB01C05-6E2D-4DCB-8891-44FADEA3DE12}.Release|Any CPU.ActiveCfg = Release|Any CPU
		{FCB01C05-6E2D-4DCB-8891-44FADEA3DE12}.Release|Any CPU.Build.0 = Release|Any CPU
		{F7DACBAA-A161-497F-9AA3-4CD21190F6DD}.Debug|Any CPU.ActiveCfg = Debug|Any CPU
		{F7DACBAA-A161-497F-9AA3-4CD21190F6DD}.Debug|Any CPU.Build.0 = Debug|Any CPU
		{F7DACBAA-A161-497F-9AA3-4CD21190F6DD}.Release|Any CPU.ActiveCfg = Release|Any CPU
		{F7DACBAA-A161-497F-9AA3-4CD21190F6DD}.Release|Any CPU.Build.0 = Release|Any CPU
		{55C49216-A1AF-4ECA-9773-732D0169DD47}.Debug|Any CPU.ActiveCfg = Debug|Any CPU
		{55C49216-A1AF-4ECA-9773-732D0169DD47}.Debug|Any CPU.Build.0 = Debug|Any CPU
		{55C49216-A1AF-4ECA-9773-732D0169DD47}.Release|Any CPU.ActiveCfg = Release|Any CPU
		{55C49216-A1AF-4ECA-9773-732D0169DD47}.Release|Any CPU.Build.0 = Release|Any CPU
		{E97BA696-09A9-4377-9B01-D3F3FB10F049}.Debug|Any CPU.ActiveCfg = Debug|Any CPU
		{E97BA696-09A9-4377-9B01-D3F3FB10F049}.Debug|Any CPU.Build.0 = Debug|Any CPU
		{E97BA696-09A9-4377-9B01-D3F3FB10F049}.Release|Any CPU.ActiveCfg = Release|Any CPU
		{E97BA696-09A9-4377-9B01-D3F3FB10F049}.Release|Any CPU.Build.0 = Release|Any CPU
		{C5C0E7F5-CA75-4F53-8D59-51567EAF661B}.Debug|Any CPU.ActiveCfg = Debug|Any CPU
		{C5C0E7F5-CA75-4F53-8D59-51567EAF661B}.Debug|Any CPU.Build.0 = Debug|Any CPU
		{C5C0E7F5-CA75-4F53-8D59-51567EAF661B}.Release|Any CPU.ActiveCfg = Release|Any CPU
		{C5C0E7F5-CA75-4F53-8D59-51567EAF661B}.Release|Any CPU.Build.0 = Release|Any CPU
		{AB7CF1CF-D200-4050-A3B8-2328C5C980E0}.Debug|Any CPU.ActiveCfg = Debug|Any CPU
		{AB7CF1CF-D200-4050-A3B8-2328C5C980E0}.Debug|Any CPU.Build.0 = Debug|Any CPU
		{AB7CF1CF-D200-4050-A3B8-2328C5C980E0}.Release|Any CPU.ActiveCfg = Release|Any CPU
		{AB7CF1CF-D200-4050-A3B8-2328C5C980E0}.Release|Any CPU.Build.0 = Release|Any CPU
		{8B12420A-C3C3-43B5-9586-D7C6EF8C2655}.Debug|Any CPU.ActiveCfg = Debug|Any CPU
		{8B12420A-C3C3-43B5-9586-D7C6EF8C2655}.Debug|Any CPU.Build.0 = Debug|Any CPU
		{8B12420A-C3C3-43B5-9586-D7C6EF8C2655}.Release|Any CPU.ActiveCfg = Release|Any CPU
		{8B12420A-C3C3-43B5-9586-D7C6EF8C2655}.Release|Any CPU.Build.0 = Release|Any CPU
	EndGlobalSection
	GlobalSection(SolutionProperties) = preSolution
		HideSolutionNode = FALSE
	EndGlobalSection
	GlobalSection(NestedProjects) = preSolution
		{FA7672C8-3E3C-42F8-8142-A7E0DEB7693B} = {4F8BE061-A24A-45C8-ABD6-21AD56D624AF}
		{0B1973D7-9714-4174-ACFC-3E71C1866874} = {D561E083-E990-4B08-BECD-D4EAE047F6DE}
		{FCB01C05-6E2D-4DCB-8891-44FADEA3DE12} = {A6A0CE64-E676-45D0-BAB8-5C226CE28C99}
		{F7DACBAA-A161-497F-9AA3-4CD21190F6DD} = {D6FE035E-7AC6-4CA1-84B1-8E708CC1999C}
		{55C49216-A1AF-4ECA-9773-732D0169DD47} = {A6A0CE64-E676-45D0-BAB8-5C226CE28C99}
		{E97BA696-09A9-4377-9B01-D3F3FB10F049} = {A6A0CE64-E676-45D0-BAB8-5C226CE28C99}
		{C5C0E7F5-CA75-4F53-8D59-51567EAF661B} = {D6FE035E-7AC6-4CA1-84B1-8E708CC1999C}
		{AB7CF1CF-D200-4050-A3B8-2328C5C980E0} = {D6FE035E-7AC6-4CA1-84B1-8E708CC1999C}
		{8B12420A-C3C3-43B5-9586-D7C6EF8C2655} = {D561E083-E990-4B08-BECD-D4EAE047F6DE}
	EndGlobalSection
EndGlobal
